
Microsoft Visual Studio Solution File, Format Version 12.00
# Visual Studio Version 16
VisualStudioVersion = 16.0.31424.327
MinimumVisualStudioVersion = 10.0.40219.1
Project("{FAE04EC0-301F-11D3-BF4B-00C04F79EFBC}") = "nouveautes_CS9", "nouveautes_CS9\nouveautes_CS9.csproj", "{C0E75197-D4BC-47D8-9EBB-3CA372F1FC29}"
EndProject
Global
	GlobalSection(SolutionConfigurationPlatforms) = preSolution
		Debug|Any CPU = Debug|Any CPU
		Release|Any CPU = Release|Any CPU
	EndGlobalSection
	GlobalSection(ProjectConfigurationPlatforms) = postSolution
		{C0E75197-D4BC-47D8-9EBB-3CA372F1FC29}.Debug|Any CPU.ActiveCfg = Debug|Any CPU
		{C0E75197-D4BC-47D8-9EBB-3CA372F1FC29}.Debug|Any CPU.Build.0 = Debug|Any CPU
		{C0E75197-D4BC-47D8-9EBB-3CA372F1FC29}.Release|Any CPU.ActiveCfg = Release|Any CPU
		{C0E75197-D4BC-47D8-9EBB-3CA372F1FC29}.Release|Any CPU.Build.0 = Release|Any CPU
	EndGlobalSection
	GlobalSection(SolutionProperties) = preSolution
		HideSolutionNode = FALSE
	EndGlobalSection
	GlobalSection(ExtensibilityGlobals) = postSolution
		SolutionGuid = {3B15EC12-F128-41FB-83AE-4AE0BFE371EA}
	EndGlobalSection
EndGlobal
